
Microsoft Visual Studio Solution File, Format Version 12.00
Project("{FAE04EC0-301F-11D3-BF4B-00C04F79EFBC}") = "TddByExample", "TddByExample.csproj", "{1C26EACD-7FB6-44E7-9AD3-24A91828FCC9}"
EndProject
Global
	GlobalSection(SolutionConfigurationPlatforms) = preSolution
		Debug|Any CPU = Debug|Any CPU
		Release|Any CPU = Release|Any CPU
	EndGlobalSection
	GlobalSection(ProjectConfigurationPlatforms) = postSolution
		{1C26EACD-7FB6-44E7-9AD3-24A91828FCC9}.Debug|Any CPU.ActiveCfg = Debug|Any CPU
		{1C26EACD-7FB6-44E7-9AD3-24A91828FCC9}.Debug|Any CPU.Build.0 = Debug|Any CPU
		{1C26EACD-7FB6-44E7-9AD3-24A91828FCC9}.Release|Any CPU.ActiveCfg = Release|Any CPU
		{1C26EACD-7FB6-44E7-9AD3-24A91828FCC9}.Release|Any CPU.Build.0 = Release|Any CPU
	EndGlobalSection
EndGlobal
